
Microsoft Visual Studio Solution File, Format Version 11.00
# Visual Studio 2010
Project("{FAE04EC0-301F-11D3-BF4B-00C04F79EFBC}") = "IntegrationTesting", "IntegrationTesting.csproj", "{57F89DD4-FB6A-44C2-BB8E-EEE35896F70A}"
EndProject
Global
	GlobalSection(SolutionConfigurationPlatforms) = preSolution
		Debug|Any CPU = Debug|Any CPU
		Release|Any CPU = Release|Any CPU
	EndGlobalSection
	GlobalSection(ProjectConfigurationPlatforms) = postSolution
		{57F89DD4-FB6A-44C2-BB8E-EEE35896F70A}.Debug|Any CPU.ActiveCfg = Debug|Any CPU
		{57F89DD4-FB6A-44C2-BB8E-EEE35896F70A}.Debug|Any CPU.Build.0 = Debug|Any CPU
		{57F89DD4-FB6A-44C2-BB8E-EEE35896F70A}.Release|Any CPU.ActiveCfg = Release|Any CPU
		{57F89DD4-FB6A-44C2-BB8E-EEE35896F70A}.Release|Any CPU.Build.0 = Release|Any CPU
	EndGlobalSection
	GlobalSection(SolutionProperties) = preSolution
		HideSolutionNode = FALSE
	EndGlobalSection
EndGlobal
